
Microsoft Visual Studio Solution File, Format Version 12.00
# Visual Studio Version 16
VisualStudioVersion = 16.0.30128.74
MinimumVisualStudioVersion = 10.0.40219.1
Project("{FAE04EC0-301F-11D3-BF4B-00C04F79EFBC}") = "TP_Arguello", "TP_Arguello\TP_Arguello.csproj", "{6CABC721-28BD-4C1E-8D89-BD846B57B3AC}"
EndProject
Global
	GlobalSection(SolutionConfigurationPlatforms) = preSolution
		Debug|Any CPU = Debug|Any CPU
		Release|Any CPU = Release|Any CPU
	EndGlobalSection
	GlobalSection(ProjectConfigurationPlatforms) = postSolution
		{6CABC721-28BD-4C1E-8D89-BD846B57B3AC}.Debug|Any CPU.ActiveCfg = Debug|Any CPU
		{6CABC721-28BD-4C1E-8D89-BD846B57B3AC}.Debug|Any CPU.Build.0 = Debug|Any CPU
		{6CABC721-28BD-4C1E-8D89-BD846B57B3AC}.Release|Any CPU.ActiveCfg = Release|Any CPU
		{6CABC721-28BD-4C1E-8D89-BD846B57B3AC}.Release|Any CPU.Build.0 = Release|Any CPU
	EndGlobalSection
	GlobalSection(SolutionProperties) = preSolution
		HideSolutionNode = FALSE
	EndGlobalSection
	GlobalSection(ExtensibilityGlobals) = postSolution
		SolutionGuid = {BB5B946B-005B-40C8-89BF-3688769311F3}
	EndGlobalSection
EndGlobal
