
Microsoft Visual Studio Solution File, Format Version 12.00
# Visual Studio Version 16
VisualStudioVersion = 16.0.30128.74
MinimumVisualStudioVersion = 10.0.40219.1
Project("{9A19103F-16F7-4668-BE54-9A1E7A4F7556}") = "TrabajoFinalComplejidad", "TrabajoFinalComplejidad-master\TrabajoFinalComplejidad.csproj", "{F81ACB82-5695-48D2-9AE2-E36C8A07CE55}"
EndProject
Global
	GlobalSection(SolutionConfigurationPlatforms) = preSolution
		Debug|Any CPU = Debug|Any CPU
		Release|Any CPU = Release|Any CPU
	EndGlobalSection
	GlobalSection(ProjectConfigurationPlatforms) = postSolution
		{F81ACB82-5695-48D2-9AE2-E36C8A07CE55}.Debug|Any CPU.ActiveCfg = Debug|Any CPU
		{F81ACB82-5695-48D2-9AE2-E36C8A07CE55}.Debug|Any CPU.Build.0 = Debug|Any CPU
		{F81ACB82-5695-48D2-9AE2-E36C8A07CE55}.Release|Any CPU.ActiveCfg = Release|Any CPU
		{F81ACB82-5695-48D2-9AE2-E36C8A07CE55}.Release|Any CPU.Build.0 = Release|Any CPU
	EndGlobalSection
	GlobalSection(SolutionProperties) = preSolution
		HideSolutionNode = FALSE
	EndGlobalSection
	GlobalSection(ExtensibilityGlobals) = postSolution
		SolutionGuid = {332B9E20-6994-44F8-8BAD-B47F34217651}
	EndGlobalSection
EndGlobal
